<?xml version="1.0" encoding="utf-8"?>
<Project ToolsVersion="4.0" xmlns="http://schemas.microsoft.com/developer/msbuild/2003">
  <ItemGroup>
    <ClCompile Include="pch.cpp">
      <Filter>pch</Filter>
    </ClCompile>
    <ClCompile Include="Image.cpp">
      <Filter>ConsoleImage</Filter>
    </ClCompile>
    <ClCompile Include="main.cpp">
      <Filter>main</Filter>
    </ClCompile>
    <ClCompile Include="GameEngine.cpp">
      <Filter>Engine</Filter>
    </ClCompile>
    <ClCompile Include="RenderBoard.cpp">
      <Filter>ConsoleImage\RenderInstance</Filter>
    </ClCompile>
    <ClCompile Include="PlayBoard.cpp">
      <Filter>ConsoleImage\RenderInstance\ChildBoard</Filter>
    </ClCompile>
  </ItemGroup>
  <ItemGroup>
    <ClInclude Include="pch.h">
      <Filter>pch</Filter>
    </ClInclude>
    <ClInclude Include="Image.h">
      <Filter>ConsoleImage</Filter>
    </ClInclude>
    <ClInclude Include="Structs.h">
      <Filter>Datas</Filter>
    </ClInclude>
    <ClInclude Include="Enums.h">
      <Filter>Datas</Filter>
    </ClInclude>
    <ClInclude Include="GameEngine.h">
      <Filter>Engine</Filter>
    </ClInclude>
    <ClInclude Include="Consts.h">
      <Filter>Datas</Filter>
    </ClInclude>
    <ClInclude Include="RenderBoard.h">
      <Filter>ConsoleImage\RenderInstance</Filter>
    </ClInclude>
    <ClInclude Include="PlayBoard.h">
      <Filter>ConsoleImage\RenderInstance\ChildBoard</Filter>
    </ClInclude>
  </ItemGroup>
  <ItemGroup>
    <Filter Include="pch">
      <UniqueIdentifier>{6970306d-9b17-4dae-8095-e7c829549367}</UniqueIdentifier>
    </Filter>
    <Filter Include="ConsoleImage">
      <UniqueIdentifier>{c05d59ac-a555-4d84-9bf3-e2211e82edd0}</UniqueIdentifier>
    </Filter>
    <Filter Include="Datas">
      <UniqueIdentifier>{4245f0d7-5872-4bff-a5cb-3ea7e04efa76}</UniqueIdentifier>
    </Filter>
    <Filter Include="main">
      <UniqueIdentifier>{3653522e-875b-4a76-b065-fedbf1f92d84}</UniqueIdentifier>
    </Filter>
    <Filter Include="Engine">
      <UniqueIdentifier>{e39b9d73-6f41-45f6-991c-29f95fe16e17}</UniqueIdentifier>
    </Filter>
    <Filter Include="ConsoleImage\RenderInstance">
      <UniqueIdentifier>{cc5f169c-4ad2-48ef-8134-f22df386e02d}</UniqueIdentifier>
    </Filter>
    <Filter Include="ConsoleImage\RenderInstance\ChildBoard">
      <UniqueIdentifier>{2e7dd8fc-3fc1-46d3-bbb5-fff346fd8a99}</UniqueIdentifier>
    </Filter>
  </ItemGroup>
  <ItemGroup>
    <Text Include="VIsuality.txt">
      <Filter>Datas</Filter>
    </Text>
  </ItemGroup>
</Project>